{
  "requires": true,
  "lockfileVersion": 1,
  "dependencies": {
    "mariadb": {
      "version": "2.0.3",
      "resolved": "https://registry.npmjs.org/mariadb/-/mariadb-2.0.3.tgz",
      "integrity": "sha1-0mWBPpVXl5XWweXc/QNP74c9Z0A=",
      "requires": {
        "denque": "^1.4.0",
        "iconv-lite": "^0.4.24",
        "long": "^4.0.0"
      },
      "dependencies": {
        "denque": {
          "version": "1.4.0",
          "resolved": "https://registry.npmjs.org/denque/-/denque-1.4.0.tgz",
          "integrity": "sha1-eeLwSQGVUCEH8k2VU/N0g32ryRY="
        },
        "iconv-lite": {
          "version": "0.4.24",
          "resolved": "https://registry.npmjs.org/iconv-lite/-/iconv-lite-0.4.24.tgz",
          "integrity": "sha1-ICK0sl+93CHS9SSXSkdKr+czkIs=",
          "requires": {
            "safer-buffer": ">= 2.1.2 < 3"
          },
          "dependencies": {
            "safer-buffer": {
              "version": "2.1.2",
              "resolved": "https://registry.npmjs.org/safer-buffer/-/safer-buffer-2.1.2.tgz",
              "integrity": "sha1-RPoWGwGHuVSd2Eu5GAL5vYOFzWo="
            }
          }
        },
        "long": {
          "version": "4.0.0",
          "resolved": "https://registry.npmjs.org/long/-/long-4.0.0.tgz",
          "integrity": "sha1-mntxz7fTYaGU6lVSQckvdGjVvyg="
        }
      }
    },
    "mime": {
      "version": "2.4.0",
      "resolved": "https://registry.npmjs.org/mime/-/mime-2.4.0.tgz",
      "integrity": "sha1-4FH9iBNYWF8yed8zP+aU2gvP/dY="
    },
    "querystring": {
      "version": "0.2.0",
      "resolved": "https://registry.npmjs.org/querystring/-/querystring-0.2.0.tgz",
      "integrity": "sha1-sgmEkgO7Jd+CDadW50cAWHhSFiA="
    },
    "uuid": {
      "version": "3.3.2",
      "resolved": "https://registry.npmjs.org/uuid/-/uuid-3.3.2.tgz",
      "integrity": "sha1-G0r0lV6zB3xQHCOHL8ZROBFYcTE="
    },
    "websocket": {
      "version": "1.0.28",
      "resolved": "https://registry.npmjs.org/websocket/-/websocket-1.0.28.tgz",
      "integrity": "sha1-nl9v3Io/4B1EImR++Tq92NRaeNM=",
      "requires": {
        "debug": "^2.2.0",
        "nan": "^2.11.0",
        "typedarray-to-buffer": "^3.1.5",
        "yaeti": "^0.0.6"
      },
      "dependencies": {
        "debug": {
          "version": "2.6.9",
          "resolved": "https://registry.npmjs.org/debug/-/debug-2.6.9.tgz",
          "integrity": "sha1-XRKFFd8TT/Mn6QpMk/Tgd6U2NB8=",
          "requires": {
            "ms": "2.0.0"
          },
          "dependencies": {
            "ms": {
              "version": "2.0.0",
              "resolved": "https://registry.npmjs.org/ms/-/ms-2.0.0.tgz",
              "integrity": "sha1-VgiurfwAvmwpAd9fmGF4jeDVl8g="
            }
          }
        },
        "nan": {
          "version": "2.13.1",
          "resolved": "https://registry.npmjs.org/nan/-/nan-2.13.1.tgz",
          "integrity": "sha1-oVvuN5C94kfo848dRG7c2usF8t0="
        },
        "typedarray-to-buffer": {
          "version": "3.1.5",
          "resolved": "https://registry.npmjs.org/typedarray-to-buffer/-/typedarray-to-buffer-3.1.5.tgz",
          "integrity": "sha1-qX7nqf9CaRufeD/xvFES/j/KkIA=",
          "requires": {
            "is-typedarray": "^1.0.0"
          },
          "dependencies": {
            "is-typedarray": {
              "version": "1.0.0",
              "resolved": "https://registry.npmjs.org/is-typedarray/-/is-typedarray-1.0.0.tgz",
              "integrity": "sha1-5HnICFjfDBsR3dppQPlgEfzaSpo="
            }
          }
        },
        "yaeti": {
          "version": "0.0.6",
          "resolved": "https://registry.npmjs.org/yaeti/-/yaeti-0.0.6.tgz",
          "integrity": "sha1-8m9ITXJoTPQr7ft2lwqhYI+/lXc="
        }
      }
    }
  }
}
